PODS:
  - Kingfisher (6.3.0)
  - shared_app_lib (1.0.0)

DEPENDENCIES:
  - Kingfisher (= 6.3.0)
  - shared_app_lib (from `../shared-app-lib`)

SPEC REPOS:
  trunk:
    - Kingfisher

EXTERNAL SOURCES:
  shared_app_lib:
    :path: "../shared-app-lib"

SPEC CHECKSUMS:
  Kingfisher: 6c3df386db71d82c0817a429d2c9421a77396529
  shared_app_lib: a261133ecebe75688c525fdfd8a014cfbada18f5

PODFILE CHECKSUM: be30a23708c21661e25a1591597481a8d7f1a9fb

COCOAPODS: 1.10.1
