PODS:
  - Kingfisher (6.3.0)
  - shared_app_lib (1.0.0)

DEPENDENCIES:
  - Kingfisher (= 6.3.0)
  - shared_app_lib (from `../shared-app-lib`)

SPEC REPOS:
  trunk:
    - Kingfisher

EXTERNAL SOURCES:
  shared_app_lib:
    :path: "../shared-app-lib"

SPEC CHECKSUMS:
  Kingfisher: 6c3df386db71d82c0817a429d2c9421a77396529
  shared_app_lib: 51d0dda6d5f41f9120ba45f11efe34b07ed8a952

PODFILE CHECKSUM: 4f2c35ae3b986111f4f728473b26f33bdac0ed98

COCOAPODS: 1.12.1
